
Microsoft Visual Studio Solution File, Format Version 12.00
# Visual Studio Version 17
VisualStudioVersion = 17.6.33712.159
MinimumVisualStudioVersion = 10.0.40219.1
Project("{FAE04EC0-301F-11D3-BF4B-00C04F79EFBC}") = "fun1", "fun1\fun1.csproj", "{C97A1CED-F5FC-4317-B9BC-25D71B0D539C}"
EndProject
Global
	GlobalSection(SolutionConfigurationPlatforms) = preSolution
		Debug|Any CPU = Debug|Any CPU
		Release|Any CPU = Release|Any CPU
	EndGlobalSection
	GlobalSection(ProjectConfigurationPlatforms) = postSolution
		{C97A1CED-F5FC-4317-B9BC-25D71B0D539C}.Debug|Any CPU.ActiveCfg = Debug|Any CPU
		{C97A1CED-F5FC-4317-B9BC-25D71B0D539C}.Debug|Any CPU.Build.0 = Debug|Any CPU
		{C97A1CED-F5FC-4317-B9BC-25D71B0D539C}.Release|Any CPU.ActiveCfg = Release|Any CPU
		{C97A1CED-F5FC-4317-B9BC-25D71B0D539C}.Release|Any CPU.Build.0 = Release|Any CPU
	EndGlobalSection
	GlobalSection(SolutionProperties) = preSolution
		HideSolutionNode = FALSE
	EndGlobalSection
	GlobalSection(ExtensibilityGlobals) = postSolution
		SolutionGuid = {EFE3AC2E-2AAE-466B-83F7-0FF5C36248B3}
	EndGlobalSection
EndGlobal
